{
    "_readme": [
        "This file locks the dependencies of your project to a known state",
        "Read more about it at https://getcomposer.org/doc/01-basic-usage.md#installing-dependencies",
        "This file is @generated automatically"
    ],
    "content-hash": "b9a243804dd08ca79270cf81ce9175d7",
    "packages": [],
    "packages-dev": [],
    "aliases": [],
    "minimum-stability": "stable",
    "stability-flags": [],
    "prefer-stable": true,
    "prefer-lowest": false,
    "platform": {
        "php": "^7.4",
        "ext-gd": "*",
        "ext-curl": "*",
        "ext-pdo": "*",
        "ext-mysqli": "*",
        "ext-date": "*",
        "ext-spl": "*",
        "ext-session": "*",
        "ext-pcre": "*",
        "ext-filter": "*",
        "ext-imap": "*",
        "ext-mbstring": "*",
        "ext-intl": "*",
        "ext-ctype": "*",
        "ext-openssl": "*",
        "ext-hash": "*",
        "ext-json": "*",
        "ext-zend-opcache": "*",
        "ext-apc": "*",
        "ext-zlib": "*"
    },
    "platform-dev": [],
    "plugin-api-version": "2.1.0"
}
